<?xml version="1.0" encoding="utf-8"?>
<Project ToolsVersion="4.0" xmlns="http://schemas.microsoft.com/developer/msbuild/2003">
  <ItemGroup>
    <Filter Include="Source Files">
      <UniqueIdentifier>{4FC737F1-C7A5-4376-A066-2A32D752A2FF}</UniqueIdentifier>
      <Extensions>cpp;c;cc;cxx;def;odl;idl;hpj;bat;asm;asmx</Extensions>
    </Filter>
    <Filter Include="Header Files">
      <UniqueIdentifier>{93995380-89BD-4b04-88EB-625FBE52EBFB}</UniqueIdentifier>
      <Extensions>h;hh;hpp;hxx;hm;inl;inc;ipp;xsd</Extensions>
    </Filter>
    <Filter Include="Resource Files">
      <UniqueIdentifier>{67DA6AB6-F800-4c08-8B7A-83BB121AAD01}</UniqueIdentifier>
      <Extensions>rc;ico;cur;bmp;dlg;rc2;rct;bin;rgs;gif;jpg;jpeg;jpe;resx;tiff;tif;png;wav;mfcribbon-ms</Extensions>
    </Filter>
  </ItemGroup>
  <ItemGroup>
    <ClCompile Include="Form1.cpp">
      <Filter>Source Files</Filter>
    </ClCompile>
    <ClCompile Include="AfterburnerClimax.cpp">
      <Filter>Source Files</Filter>
    </ClCompile>
    <ClCompile Include="BG4.cpp">
      <Filter>Source Files</Filter>
    </ClCompile>
    <ClCompile Include="ButtonRumble.cpp">
      <Filter>Source Files</Filter>
    </ClCompile>
    <ClCompile Include="ChaseHQ2.cpp">
      <Filter>Source Files</Filter>
    </ClCompile>
    <ClCompile Include="DaytonaChampionshipUSA.cpp">
      <Filter>Source Files</Filter>
    </ClCompile>
    <ClCompile Include="FordRacing.cpp">
      <Filter>Source Files</Filter>
    </ClCompile>
    <ClCompile Include="GTIClub.cpp">
      <Filter>Source Files</Filter>
    </ClCompile>
    <ClCompile Include="InitialD4.cpp">
      <Filter>Source Files</Filter>
    </ClCompile>
    <ClCompile Include="InitialD4Japan.cpp">
      <Filter>Source Files</Filter>
    </ClCompile>
    <ClCompile Include="InitialD5.cpp">
      <Filter>Source Files</Filter>
    </ClCompile>
    <ClCompile Include="InitialD6.cpp">
      <Filter>Source Files</Filter>
    </ClCompile>
    <ClCompile Include="InitialD7.cpp">
      <Filter>Source Files</Filter>
    </ClCompile>
    <ClCompile Include="InitialD8.cpp">
      <Filter>Source Files</Filter>
    </ClCompile>
    <ClCompile Include="LGI.cpp">
      <Filter>Source Files</Filter>
    </ClCompile>
    <ClCompile Include="LGI3D.cpp">
      <Filter>Source Files</Filter>
    </ClCompile>
    <ClCompile Include="Machstorm.cpp">
      <Filter>Source Files</Filter>
    </ClCompile>
    <ClCompile Include="MKGP100Custom.cpp">
      <Filter>Source Files</Filter>
    </ClCompile>
    <ClCompile Include="MKGP110Custom.cpp">
      <Filter>Source Files</Filter>
    </ClCompile>
    <ClCompile Include="Outrun2.cpp">
      <Filter>Source Files</Filter>
    </ClCompile>
    <ClCompile Include="PokkenTournament.cpp">
      <Filter>Source Files</Filter>
    </ClCompile>
    <ClCompile Include="RoadFighters3D.cpp">
      <Filter>Source Files</Filter>
    </ClCompile>
    <ClCompile Include="SegaRacingClassic.cpp">
      <Filter>Source Files</Filter>
    </ClCompile>
    <ClCompile Include="SegaRally3.cpp">
      <Filter>Source Files</Filter>
    </ClCompile>
    <ClCompile Include="SonicAllStars.cpp">
      <Filter>Source Files</Filter>
    </ClCompile>
    <ClCompile Include="WackyRaces.cpp">
      <Filter>Source Files</Filter>
    </ClCompile>
    <ClCompile Include="WMMT5.cpp">
      <Filter>Source Files</Filter>
    </ClCompile>
    <ClCompile Include="M2EmulatorInput.cpp">
      <Filter>Source Files</Filter>
    </ClCompile>
    <ClCompile Include="ButtonRumbleInput.cpp">
      <Filter>Source Files</Filter>
    </ClCompile>
    <ClCompile Include="DaytonaChampionshipUSAInput.cpp">
      <Filter>Source Files</Filter>
    </ClCompile>
    <ClCompile Include="RoadFighters3DInput.cpp">
      <Filter>Source Files</Filter>
    </ClCompile>
    <ClCompile Include="Outrun2Input.cpp">
      <Filter>Source Files</Filter>
    </ClCompile>
    <ClCompile Include="FFBTest.cpp">
      <Filter>Source Files</Filter>
    </ClCompile>
    <ClCompile Include="KODrive.cpp">
      <Filter>Source Files</Filter>
    </ClCompile>
    <ClCompile Include="Helper.cpp">
      <Filter>Source Files</Filter>
    </ClCompile>
    <ClCompile Include="WMMT5Input.cpp">
      <Filter>Source Files</Filter>
    </ClCompile>
    <ClCompile Include="HOTD4.cpp">
      <Filter>Source Files</Filter>
    </ClCompile>
    <ClCompile Include="GRIDReal.cpp">
      <Filter>Source Files</Filter>
    </ClCompile>
    <ClCompile Include="InitialD0.cpp">
      <Filter>Source Files</Filter>
    </ClCompile>
    <ClCompile Include="ChaseHQ2Input.cpp">
      <Filter>Source Files</Filter>
    </ClCompile>
    <ClCompile Include="AliensExtermination.cpp">
      <Filter>Source Files</Filter>
    </ClCompile>
    <ClCompile Include="Rambo.cpp">
      <Filter>Source Files</Filter>
    </ClCompile>
    <ClCompile Include="Transformers.cpp">
      <Filter>Source Files</Filter>
    </ClCompile>
    <ClCompile Include="GoldenGun.cpp">
      <Filter>Source Files</Filter>
    </ClCompile>
    <ClCompile Include="MameSelect.cpp">
      <Filter>Source Files</Filter>
    </ClCompile>
    <ClCompile Include="ZombieRaid.cpp">
      <Filter>Source Files</Filter>
    </ClCompile>
    <ClCompile Include="UnderFire.cpp">
      <Filter>Source Files</Filter>
    </ClCompile>
    <ClCompile Include="TurkeyShoot.cpp">
      <Filter>Source Files</Filter>
    </ClCompile>
    <ClCompile Include="TimeCrisis.cpp">
      <Filter>Source Files</Filter>
    </ClCompile>
    <ClCompile Include="Terminator2.cpp">
      <Filter>Source Files</Filter>
    </ClCompile>
    <ClCompile Include="Spacegun.cpp">
      <Filter>Source Files</Filter>
    </ClCompile>
    <ClCompile Include="RevolutionX.cpp">
      <Filter>Source Files</Filter>
    </ClCompile>
    <ClCompile Include="RailChase.cpp">
      <Filter>Source Files</Filter>
    </ClCompile>
    <ClCompile Include="PointBlank2.cpp">
      <Filter>Source Files</Filter>
    </ClCompile>
    <ClCompile Include="OperationWolf.cpp">
      <Filter>Source Files</Filter>
    </ClCompile>
    <ClCompile Include="OperationThunderbolt.cpp">
      <Filter>Source Files</Filter>
    </ClCompile>
    <ClCompile Include="MechanizedAttack.cpp">
      <Filter>Source Files</Filter>
    </ClCompile>
    <ClCompile Include="LaserGhost.cpp">
      <Filter>Source Files</Filter>
    </ClCompile>
    <ClCompile Include="GunBuster.cpp">
      <Filter>Source Files</Filter>
    </ClCompile>
    <ClCompile Include="F1GrandPrixStar.cpp">
      <Filter>Source Files</Filter>
    </ClCompile>
    <ClCompile Include="F1GrandPrixStar2.cpp">
      <Filter>Source Files</Filter>
    </ClCompile>
    <ClCompile Include="GhoulPanic.cpp">
      <Filter>Source Files</Filter>
    </ClCompile>
    <ClCompile Include="CiscoHeat.cpp">
      <Filter>Source Files</Filter>
    </ClCompile>
    <ClCompile Include="ChaseBombers.cpp">
      <Filter>Source Files</Filter>
    </ClCompile>
    <ClCompile Include="BeastBusters.cpp">
      <Filter>Source Files</Filter>
    </ClCompile>
    <ClCompile Include="Alien3.cpp">
      <Filter>Source Files</Filter>
    </ClCompile>
    <ClCompile Include="AfterburnerII.cpp">
      <Filter>Source Files</Filter>
    </ClCompile>
    <ClCompile Include="VirtuaRacing.cpp">
      <Filter>Source Files</Filter>
    </ClCompile>
    <ClCompile Include="SanFranciscoRush.cpp">
      <Filter>Source Files</Filter>
    </ClCompile>
    <ClCompile Include="SanFranciscoRushTheRock.cpp">
      <Filter>Source Files</Filter>
    </ClCompile>
    <ClCompile Include="SanFranciscoRush2049.cpp">
      <Filter>Source Files</Filter>
    </ClCompile>
    <ClCompile Include="CrusnWorld.cpp">
      <Filter>Source Files</Filter>
    </ClCompile>
    <ClCompile Include="CrusnUSA.cpp">
      <Filter>Source Files</Filter>
    </ClCompile>
    <ClCompile Include="CaliforniaSpeed.cpp">
      <Filter>Source Files</Filter>
    </ClCompile>
    <ClCompile Include="Outrun.cpp">
      <Filter>Source Files</Filter>
    </ClCompile>
    <ClCompile Include="TurboOutrun.cpp">
      <Filter>Source Files</Filter>
    </ClCompile>
    <ClCompile Include="PowerDrift.cpp">
      <Filter>Source Files</Filter>
    </ClCompile>
    <ClCompile Include="OutRunners.cpp">
      <Filter>Source Files</Filter>
    </ClCompile>
    <ClCompile Include="OffRoadChallenge.cpp">
      <Filter>Source Files</Filter>
    </ClCompile>
    <ClCompile Include="SupermodelSelect.cpp">
      <Filter>Source Files</Filter>
    </ClCompile>
    <ClCompile Include="DaytonaUSA2.cpp">
      <Filter>Source Files</Filter>
    </ClCompile>
    <ClCompile Include="DirtDevils.cpp">
      <Filter>Source Files</Filter>
    </ClCompile>
    <ClCompile Include="EmergencyCallAmbulance.cpp">
      <Filter>Source Files</Filter>
    </ClCompile>
    <ClCompile Include="LeMans24.cpp">
      <Filter>Source Files</Filter>
    </ClCompile>
    <ClCompile Include="SegaRally2.cpp">
      <Filter>Source Files</Filter>
    </ClCompile>
    <ClCompile Include="ScudRace.cpp">
      <Filter>Source Files</Filter>
    </ClCompile>
    <ClCompile Include="DirtyDrivin.cpp">
      <Filter>Source Files</Filter>
    </ClCompile>
    <ClCompile Include="LindberghHelp.cpp">
      <Filter>Source Files</Filter>
    </ClCompile>
    <ClCompile Include="Help.cpp">
      <Filter>Source Files</Filter>
    </ClCompile>
    <ClCompile Include="H2Overdrive.cpp">
      <Filter>Source Files</Filter>
    </ClCompile>
    <ClCompile Include="Hyperdrive.cpp">
      <Filter>Source Files</Filter>
    </ClCompile>
    <ClCompile Include="VaporTrx.cpp">
      <Filter>Source Files</Filter>
    </ClCompile>
    <ClCompile Include="SnoCross.cpp">
      <Filter>Source Files</Filter>
    </ClCompile>
    <ClCompile Include="Batman.cpp">
      <Filter>Source Files</Filter>
    </ClCompile>
    <ClCompile Include="R_Tuned.cpp">
      <Filter>Source Files</Filter>
    </ClCompile>
    <ClCompile Include="M2EmulatorSelect.cpp">
      <Filter>Source Files</Filter>
    </ClCompile>
    <ClCompile Include="DaytonaUSA.cpp">
      <Filter>Source Files</Filter>
    </ClCompile>
    <ClCompile Include="Indy500.cpp">
      <Filter>Source Files</Filter>
    </ClCompile>
    <ClCompile Include="OverRev.cpp">
      <Filter>Source Files</Filter>
    </ClCompile>
    <ClCompile Include="SegaRally.cpp">
      <Filter>Source Files</Filter>
    </ClCompile>
    <ClCompile Include="STCC.cpp">
      <Filter>Source Files</Filter>
    </ClCompile>
    <ClCompile Include="SuperGT.cpp">
      <Filter>Source Files</Filter>
    </ClCompile>
    <ClCompile Include="RaveRacer.cpp">
      <Filter>Source Files</Filter>
    </ClCompile>
    <ClCompile Include="SuperChase.cpp">
      <Filter>Source Files</Filter>
    </ClCompile>
    <ClCompile Include="DemulSelect.cpp">
      <Filter>Source Files</Filter>
    </ClCompile>
    <ClCompile Include="NascarRacing.cpp">
      <Filter>Source Files</Filter>
    </ClCompile>
    <ClCompile Include="SmashingDrive.cpp">
      <Filter>Source Files</Filter>
    </ClCompile>
    <ClCompile Include="InitialDDemul.cpp">
      <Filter>Source Files</Filter>
    </ClCompile>
    <ClCompile Include="DemulMaximumSpeed.cpp">
      <Filter>Source Files</Filter>
    </ClCompile>
    <ClCompile Include="DemulFasterThanSpeed.cpp">
      <Filter>Source Files</Filter>
    </ClCompile>
    <ClCompile Include="ATVTrack.cpp">
      <Filter>Source Files</Filter>
    </ClCompile>
    <ClCompile Include="DirtDash.cpp">
      <Filter>Source Files</Filter>
    </ClCompile>
    <ClCompile Include="AceDriver.cpp">
      <Filter>Source Files</Filter>
    </ClCompile>
    <ClCompile Include="AceDriverVictoryLap.cpp">
      <Filter>Source Files</Filter>
    </ClCompile>
    <ClCompile Include="DemulInputSelect.cpp">
      <Filter>Source Files</Filter>
    </ClCompile>
    <ClCompile Include="DemulInitialDInput.cpp">
      <Filter>Source Files</Filter>
    </ClCompile>
    <ClCompile Include="DemulSmashingDriveInput.cpp">
      <Filter>Source Files</Filter>
    </ClCompile>
    <ClCompile Include="DemulATVTrackInput.cpp">
      <Filter>Source Files</Filter>
    </ClCompile>
    <ClCompile Include="DemulFasterThanSpeedInput.cpp">
      <Filter>Source Files</Filter>
    </ClCompile>
    <ClCompile Include="DemulNascarInput.cpp">
      <Filter>Source Files</Filter>
    </ClCompile>
    <ClCompile Include="DemulMaximumSpeedInput.cpp">
      <Filter>Source Files</Filter>
    </ClCompile>
    <ClCompile Include="StrengthInput.cpp">
      <Filter>Source Files</Filter>
    </ClCompile>
    <ClCompile Include="DoubleAxle.cpp">
      <Filter>Source Files</Filter>
    </ClCompile>
    <ClCompile Include="HardDrivin.cpp">
      <Filter>Source Files</Filter>
    </ClCompile>
    <ClCompile Include="MKGPUSACustom.cpp">
      <Filter>Source Files</Filter>
    </ClCompile>
    <ClCompile Include="SWDC2018.cpp">
      <Filter>Source Files</Filter>
    </ClCompile>
    <ClCompile Include="WMMT6.cpp">
      <Filter>Source Files</Filter>
    </ClCompile>
    <ClCompile Include="WMMT6R.cpp">
      <Filter>Source Files</Filter>
    </ClCompile>
    <ClCompile Include="WMMT6RR.cpp">
      <Filter>Source Files</Filter>
    </ClCompile>
    <ClCompile Include="StormRacerG.cpp">
      <Filter>Source Files</Filter>
    </ClCompile>
    <ClCompile Include="InitialD0Input.cpp">
      <Filter>Source Files</Filter>
    </ClCompile>
    <ClCompile Include="D1GPArcade.cpp">
      <Filter>Source Files</Filter>
    </ClCompile>
    <ClCompile Include="CrazyTaxi.cpp">
      <Filter>Source Files</Filter>
    </ClCompile>
    <ClCompile Include="WMMT3.cpp">
      <Filter>Source Files</Filter>
    </ClCompile>
    <ClCompile Include="DeadHeat.cpp">
      <Filter>Source Files</Filter>
    </ClCompile>
    <ClCompile Include="ElfLdr2Help.cpp">
      <Filter>Source Files</Filter>
    </ClCompile>
    <ClCompile Include="GaelcoTuningRace.cpp">
      <Filter>Source Files</Filter>
    </ClCompile>
    <ClCompile Include="TokyoCop.cpp">
      <Filter>Source Files</Filter>
    </ClCompile>
    <ClCompile Include="RingRiders.cpp">
      <Filter>Source Files</Filter>
    </ClCompile>
    <ClCompile Include="FlycastInitialD.cpp">
      <Filter>Source Files</Filter>
    </ClCompile>
    <ClCompile Include="FlycastMaximumSpeed.cpp">
      <Filter>Source Files</Filter>
    </ClCompile>
    <ClCompile Include="FlycastFasterThanSpeed.cpp">
      <Filter>Source Files</Filter>
    </ClCompile>
    <ClCompile Include="Flycast18Wheeler.cpp">
      <Filter>Source Files</Filter>
    </ClCompile>
    <ClCompile Include="FlycastF355.cpp">
      <Filter>Source Files</Filter>
    </ClCompile>
    <ClCompile Include="FlycastEmulatorSelect.cpp">
      <Filter>Source Files</Filter>
    </ClCompile>
    <ClCompile Include="FlycastClubKart.cpp">
      <Filter>Source Files</Filter>
    </ClCompile>
    <ClCompile Include="FlycastKingOfRoute66.cpp">
      <Filter>Source Files</Filter>
    </ClCompile>
    <ClCompile Include="FlycastSegaDrivingSimulator.cpp">
      <Filter>Source Files</Filter>
    </ClCompile>
    <ClCompile Include="DaytonaChampionshipUSANSE.cpp">
      <Filter>Source Files</Filter>
    </ClCompile>
    <ClCompile Include="MKGP118Real.cpp">
      <Filter>Source Files</Filter>
    </ClCompile>
    <ClCompile Include="MKGPUSAReal.cpp">
      <Filter>Source Files</Filter>
    </ClCompile>
    <ClCompile Include="MKGP110Real.cpp">
      <Filter>Source Files</Filter>
    </ClCompile>
    <ClCompile Include="GRIDCustom.cpp">
      <Filter>Source Files</Filter>
    </ClCompile>
    <ClCompile Include="MKGP118Custom.cpp">
      <Filter>Source Files</Filter>
    </ClCompile>
    <ClCompile Include="ArcticThunder.cpp">
      <Filter>Source Files</Filter>
    </ClCompile>
    <ClCompile Include="FNF.cpp">
      <Filter>Source Files</Filter>
    </ClCompile>
    <ClCompile Include="FNFDrift.cpp">
      <Filter>Source Files</Filter>
    </ClCompile>
    <ClCompile Include="FNFSupercars.cpp">
      <Filter>Source Files</Filter>
    </ClCompile>
    <ClCompile Include="HummerExtreme.cpp">
      <Filter>Source Files</Filter>
    </ClCompile>
    <ClCompile Include="CrusnBlast.cpp">
      <Filter>Source Files</Filter>
    </ClCompile>
    <ClCompile Include="InitialDTheArcadev231.cpp">
      <Filter>Source Files</Filter>
    </ClCompile>
    <ClCompile Include="WastelandRacers2071.cpp">
      <Filter>Source Files</Filter>
    </ClCompile>
  </ItemGroup>
  <ItemGroup>
    <ClInclude Include="Form1.h">
      <Filter>Header Files</Filter>
    </ClInclude>
    <ClInclude Include="AfterburnerClimax.h">
      <Filter>Header Files</Filter>
    </ClInclude>
    <ClInclude Include="BG4.h">
      <Filter>Header Files</Filter>
    </ClInclude>
    <ClInclude Include="ButtonRumble.h">
      <Filter>Header Files</Filter>
    </ClInclude>
    <ClInclude Include="ChaseHQ2.h">
      <Filter>Header Files</Filter>
    </ClInclude>
    <ClInclude Include="DaytonaChampionshipUSA.h">
      <Filter>Header Files</Filter>
    </ClInclude>
    <ClInclude Include="FordRacing.h">
      <Filter>Header Files</Filter>
    </ClInclude>
    <ClInclude Include="GTIClub.h">
      <Filter>Header Files</Filter>
    </ClInclude>
    <ClInclude Include="InitialD4.h">
      <Filter>Header Files</Filter>
    </ClInclude>
    <ClInclude Include="InitialD4Japan.h">
      <Filter>Header Files</Filter>
    </ClInclude>
    <ClInclude Include="InitialD5.h">
      <Filter>Header Files</Filter>
    </ClInclude>
    <ClInclude Include="InitialD6.h">
      <Filter>Header Files</Filter>
    </ClInclude>
    <ClInclude Include="InitialD7.h">
      <Filter>Header Files</Filter>
    </ClInclude>
    <ClInclude Include="InitialD8.h">
      <Filter>Header Files</Filter>
    </ClInclude>
    <ClInclude Include="LGI.h">
      <Filter>Header Files</Filter>
    </ClInclude>
    <ClInclude Include="LGI3D.h">
      <Filter>Header Files</Filter>
    </ClInclude>
    <ClInclude Include="Machstorm.h">
      <Filter>Header Files</Filter>
    </ClInclude>
    <ClInclude Include="MKGP100Custom.h">
      <Filter>Header Files</Filter>
    </ClInclude>
    <ClInclude Include="MKGP110Custom.h">
      <Filter>Header Files</Filter>
    </ClInclude>
    <ClInclude Include="Outrun2.h">
      <Filter>Header Files</Filter>
    </ClInclude>
    <ClInclude Include="PokkenTournament.h">
      <Filter>Header Files</Filter>
    </ClInclude>
    <ClInclude Include="RoadFighters3D.h">
      <Filter>Header Files</Filter>
    </ClInclude>
    <ClInclude Include="SegaRacingClassic.h">
      <Filter>Header Files</Filter>
    </ClInclude>
    <ClInclude Include="SegaRally3.h">
      <Filter>Header Files</Filter>
    </ClInclude>
    <ClInclude Include="SonicAllStars.h">
      <Filter>Header Files</Filter>
    </ClInclude>
    <ClInclude Include="WackyRaces.h">
      <Filter>Header Files</Filter>
    </ClInclude>
    <ClInclude Include="WMMT5.h">
      <Filter>Header Files</Filter>
    </ClInclude>
    <ClInclude Include="M2EmulatorInput.h">
      <Filter>Header Files</Filter>
    </ClInclude>
    <ClInclude Include="ButtonRumbleInput.h">
      <Filter>Header Files</Filter>
    </ClInclude>
    <ClInclude Include="DaytonaChampionshipUSAInput.h">
      <Filter>Header Files</Filter>
    </ClInclude>
    <ClInclude Include="RoadFighters3DInput.h">
      <Filter>Header Files</Filter>
    </ClInclude>
    <ClInclude Include="Outrun2Input.h">
      <Filter>Header Files</Filter>
    </ClInclude>
    <ClInclude Include="FFBTest.h">
      <Filter>Header Files</Filter>
    </ClInclude>
    <ClInclude Include="KODrive.h">
      <Filter>Header Files</Filter>
    </ClInclude>
    <ClInclude Include="Helper.h">
      <Filter>Header Files</Filter>
    </ClInclude>
    <ClInclude Include="WMMT5Input.h">
      <Filter>Header Files</Filter>
    </ClInclude>
    <ClInclude Include="HOTD4.h">
      <Filter>Header Files</Filter>
    </ClInclude>
    <ClInclude Include="GRIDReal.h">
      <Filter>Header Files</Filter>
    </ClInclude>
    <ClInclude Include="InitialD0.h">
      <Filter>Header Files</Filter>
    </ClInclude>
    <ClInclude Include="ChaseHQ2Input.h">
      <Filter>Header Files</Filter>
    </ClInclude>
    <ClInclude Include="AliensExtermination.h">
      <Filter>Header Files</Filter>
    </ClInclude>
    <ClInclude Include="Rambo.h">
      <Filter>Header Files</Filter>
    </ClInclude>
    <ClInclude Include="Transformers.h">
      <Filter>Header Files</Filter>
    </ClInclude>
    <ClInclude Include="GoldenGun.h">
      <Filter>Header Files</Filter>
    </ClInclude>
    <ClInclude Include="MameSelect.h">
      <Filter>Header Files</Filter>
    </ClInclude>
    <ClInclude Include="ZombieRaid.h">
      <Filter>Header Files</Filter>
    </ClInclude>
    <ClInclude Include="UnderFire.h">
      <Filter>Header Files</Filter>
    </ClInclude>
    <ClInclude Include="TurkeyShoot.h">
      <Filter>Header Files</Filter>
    </ClInclude>
    <ClInclude Include="TimeCrisis.h">
      <Filter>Header Files</Filter>
    </ClInclude>
    <ClInclude Include="Terminator2.h">
      <Filter>Header Files</Filter>
    </ClInclude>
    <ClInclude Include="Spacegun.h">
      <Filter>Header Files</Filter>
    </ClInclude>
    <ClInclude Include="RevolutionX.h">
      <Filter>Header Files</Filter>
    </ClInclude>
    <ClInclude Include="RailChase.h">
      <Filter>Header Files</Filter>
    </ClInclude>
    <ClInclude Include="PointBlank2.h">
      <Filter>Header Files</Filter>
    </ClInclude>
    <ClInclude Include="OperationWolf.h">
      <Filter>Header Files</Filter>
    </ClInclude>
    <ClInclude Include="OperationThunderbolt.h">
      <Filter>Header Files</Filter>
    </ClInclude>
    <ClInclude Include="LaserGhost.h">
      <Filter>Header Files</Filter>
    </ClInclude>
    <ClInclude Include="MechanizedAttack.h">
      <Filter>Header Files</Filter>
    </ClInclude>
    <ClInclude Include="GunBuster.h">
      <Filter>Header Files</Filter>
    </ClInclude>
    <ClInclude Include="F1GrandPrixStar2.h">
      <Filter>Header Files</Filter>
    </ClInclude>
    <ClInclude Include="F1GrandPrixStar.h">
      <Filter>Header Files</Filter>
    </ClInclude>
    <ClInclude Include="GhoulPanic.h">
      <Filter>Header Files</Filter>
    </ClInclude>
    <ClInclude Include="CiscoHeat.h">
      <Filter>Header Files</Filter>
    </ClInclude>
    <ClInclude Include="ChaseBombers.h">
      <Filter>Header Files</Filter>
    </ClInclude>
    <ClInclude Include="BeastBusters.h">
      <Filter>Header Files</Filter>
    </ClInclude>
    <ClInclude Include="Alien3.h">
      <Filter>Header Files</Filter>
    </ClInclude>
    <ClInclude Include="AfterburnerII.h">
      <Filter>Header Files</Filter>
    </ClInclude>
    <ClInclude Include="VirtuaRacing.h">
      <Filter>Header Files</Filter>
    </ClInclude>
    <ClInclude Include="SanFranciscoRush.h">
      <Filter>Header Files</Filter>
    </ClInclude>
    <ClInclude Include="SanFranciscoRushTheRock.h">
      <Filter>Header Files</Filter>
    </ClInclude>
    <ClInclude Include="SanFranciscoRush2049.h">
      <Filter>Header Files</Filter>
    </ClInclude>
    <ClInclude Include="CrusnWorld.h">
      <Filter>Header Files</Filter>
    </ClInclude>
    <ClInclude Include="CrusnUSA.h">
      <Filter>Header Files</Filter>
    </ClInclude>
    <ClInclude Include="OffRoadChallenge.h">
      <Filter>Header Files</Filter>
    </ClInclude>
    <ClInclude Include="CaliforniaSpeed.h">
      <Filter>Header Files</Filter>
    </ClInclude>
    <ClInclude Include="Outrun.h">
      <Filter>Header Files</Filter>
    </ClInclude>
    <ClInclude Include="TurboOutrun.h">
      <Filter>Header Files</Filter>
    </ClInclude>
    <ClInclude Include="PowerDrift.h">
      <Filter>Header Files</Filter>
    </ClInclude>
    <ClInclude Include="OutRunners.h">
      <Filter>Header Files</Filter>
    </ClInclude>
    <ClInclude Include="SupermodelSelect.h">
      <Filter>Header Files</Filter>
    </ClInclude>
    <ClInclude Include="DaytonaUSA2.h">
      <Filter>Header Files</Filter>
    </ClInclude>
    <ClInclude Include="DirtDevils.h">
      <Filter>Header Files</Filter>
    </ClInclude>
    <ClInclude Include="EmergencyCallAmbulance.h">
      <Filter>Header Files</Filter>
    </ClInclude>
    <ClInclude Include="LeMans24.h">
      <Filter>Header Files</Filter>
    </ClInclude>
    <ClInclude Include="SegaRally2.h">
      <Filter>Header Files</Filter>
    </ClInclude>
    <ClInclude Include="ScudRace.h">
      <Filter>Header Files</Filter>
    </ClInclude>
    <ClInclude Include="DirtyDrivin.h">
      <Filter>Header Files</Filter>
    </ClInclude>
    <ClInclude Include="LindberghHelp.h">
      <Filter>Header Files</Filter>
    </ClInclude>
    <ClInclude Include="Help.h">
      <Filter>Header Files</Filter>
    </ClInclude>
    <ClInclude Include="H2Overdrive.h">
      <Filter>Header Files</Filter>
    </ClInclude>
    <ClInclude Include="VaporTrx.h">
      <Filter>Header Files</Filter>
    </ClInclude>
    <ClInclude Include="Hyperdrive.h">
      <Filter>Header Files</Filter>
    </ClInclude>
    <ClInclude Include="SnoCross.h">
      <Filter>Header Files</Filter>
    </ClInclude>
    <ClInclude Include="Batman.h">
      <Filter>Header Files</Filter>
    </ClInclude>
    <ClInclude Include="R-Tuned.h">
      <Filter>Header Files</Filter>
    </ClInclude>
    <ClInclude Include="M2EmulatorSelect.h">
      <Filter>Header Files</Filter>
    </ClInclude>
    <ClInclude Include="DaytonaUSA.h">
      <Filter>Header Files</Filter>
    </ClInclude>
    <ClInclude Include="Indy500.h">
      <Filter>Header Files</Filter>
    </ClInclude>
    <ClInclude Include="OverRev.h">
      <Filter>Header Files</Filter>
    </ClInclude>
    <ClInclude Include="SegaRally.h">
      <Filter>Header Files</Filter>
    </ClInclude>
    <ClInclude Include="STCC.h">
      <Filter>Header Files</Filter>
    </ClInclude>
    <ClInclude Include="SuperGT.h">
      <Filter>Header Files</Filter>
    </ClInclude>
    <ClInclude Include="RaveRacer.h">
      <Filter>Header Files</Filter>
    </ClInclude>
    <ClInclude Include="SuperChase.h">
      <Filter>Header Files</Filter>
    </ClInclude>
    <ClInclude Include="DemulSelect.h">
      <Filter>Header Files</Filter>
    </ClInclude>
    <ClInclude Include="InitialDDemul.h">
      <Filter>Header Files</Filter>
    </ClInclude>
    <ClInclude Include="SmashingDrive.h">
      <Filter>Header Files</Filter>
    </ClInclude>
    <ClInclude Include="NascarRacing.h">
      <Filter>Header Files</Filter>
    </ClInclude>
    <ClInclude Include="DemulMaximumSpeed.h">
      <Filter>Header Files</Filter>
    </ClInclude>
    <ClInclude Include="DemulFasterThanSpeed.h">
      <Filter>Header Files</Filter>
    </ClInclude>
    <ClInclude Include="ATVTrack.h">
      <Filter>Header Files</Filter>
    </ClInclude>
    <ClInclude Include="DirtDash.h">
      <Filter>Header Files</Filter>
    </ClInclude>
    <ClInclude Include="AceDriverVictoryLap.h">
      <Filter>Header Files</Filter>
    </ClInclude>
    <ClInclude Include="AceDriver.h">
      <Filter>Header Files</Filter>
    </ClInclude>
    <ClInclude Include="DemulInputSelect.h">
      <Filter>Header Files</Filter>
    </ClInclude>
    <ClInclude Include="DemulInitialDInput.h">
      <Filter>Header Files</Filter>
    </ClInclude>
    <ClInclude Include="DemulSmashingDriveInput.h">
      <Filter>Header Files</Filter>
    </ClInclude>
    <ClInclude Include="DemulATVTrackInput.h">
      <Filter>Header Files</Filter>
    </ClInclude>
    <ClInclude Include="DemulFasterThanSpeedInput.h">
      <Filter>Header Files</Filter>
    </ClInclude>
    <ClInclude Include="DemulNascarInput.h">
      <Filter>Header Files</Filter>
    </ClInclude>
    <ClInclude Include="DemulMaximumSpeedInput.h">
      <Filter>Header Files</Filter>
    </ClInclude>
    <ClInclude Include="StrengthInput.h">
      <Filter>Header Files</Filter>
    </ClInclude>
    <ClInclude Include="DoubleAxle.h">
      <Filter>Header Files</Filter>
    </ClInclude>
    <ClInclude Include="HardDrivin.h">
      <Filter>Header Files</Filter>
    </ClInclude>
    <ClInclude Include="MKGPUSACustom.h">
      <Filter>Header Files</Filter>
    </ClInclude>
    <ClInclude Include="SWDC2018.h">
      <Filter>Header Files</Filter>
    </ClInclude>
    <ClInclude Include="WMMT6.h">
      <Filter>Header Files</Filter>
    </ClInclude>
    <ClInclude Include="WMMT6R.h">
      <Filter>Header Files</Filter>
    </ClInclude>
    <ClInclude Include="WMMT6RR.h">
      <Filter>Header Files</Filter>
    </ClInclude>
    <ClInclude Include="StormRacerG.h">
      <Filter>Header Files</Filter>
    </ClInclude>
    <ClInclude Include="InitialD0Input.h">
      <Filter>Header Files</Filter>
    </ClInclude>
    <ClInclude Include="D1GPArcade.h">
      <Filter>Header Files</Filter>
    </ClInclude>
    <ClInclude Include="WMMT6Input.h">
      <Filter>Header Files</Filter>
    </ClInclude>
    <ClInclude Include="CrazyTaxi.h">
      <Filter>Header Files</Filter>
    </ClInclude>
    <ClInclude Include="WMMT3.h">
      <Filter>Header Files</Filter>
    </ClInclude>
    <ClInclude Include="DeadHeat.h">
      <Filter>Header Files</Filter>
    </ClInclude>
    <ClInclude Include="resource.h">
      <Filter>Header Files</Filter>
    </ClInclude>
    <ClInclude Include="ElfLdr2Help.h">
      <Filter>Header Files</Filter>
    </ClInclude>
    <ClInclude Include="GaelcoTuningRace.h">
      <Filter>Header Files</Filter>
    </ClInclude>
    <ClInclude Include="TokyoCop.h">
      <Filter>Header Files</Filter>
    </ClInclude>
    <ClInclude Include="RingRiders.h">
      <Filter>Header Files</Filter>
    </ClInclude>
    <ClInclude Include="FlycastEmulatorSelect.h">
      <Filter>Header Files</Filter>
    </ClInclude>
    <ClInclude Include="FlycastInitialD.h">
      <Filter>Header Files</Filter>
    </ClInclude>
    <ClInclude Include="FlycastFasterThanSpeed.h">
      <Filter>Header Files</Filter>
    </ClInclude>
    <ClInclude Include="FlycastMaximumSpeed.h">
      <Filter>Header Files</Filter>
    </ClInclude>
    <ClInclude Include="Flycast18Wheeler.h">
      <Filter>Header Files</Filter>
    </ClInclude>
    <ClInclude Include="FlycastF355.h">
      <Filter>Header Files</Filter>
    </ClInclude>
    <ClInclude Include="FlycastClubKart.h">
      <Filter>Header Files</Filter>
    </ClInclude>
    <ClInclude Include="FlycastKingOfRoute66.h">
      <Filter>Header Files</Filter>
    </ClInclude>
    <ClInclude Include="FlycastSegaDrivingSimulator.h">
      <Filter>Header Files</Filter>
    </ClInclude>
    <ClInclude Include="DaytonaChampionshipUSANSE.h">
      <Filter>Header Files</Filter>
    </ClInclude>
    <ClInclude Include="MKGP118Real.h">
      <Filter>Header Files</Filter>
    </ClInclude>
    <ClInclude Include="MKGPUSAReal.h">
      <Filter>Header Files</Filter>
    </ClInclude>
    <ClInclude Include="MKGP110Real.h">
      <Filter>Header Files</Filter>
    </ClInclude>
    <ClInclude Include="GRIDCustom.h">
      <Filter>Header Files</Filter>
    </ClInclude>
    <ClInclude Include="MKGP118Custom.h">
      <Filter>Header Files</Filter>
    </ClInclude>
    <ClInclude Include="ArcticThunder.h">
      <Filter>Header Files</Filter>
    </ClInclude>
    <ClInclude Include="FNF.h">
      <Filter>Header Files</Filter>
    </ClInclude>
    <ClInclude Include="FNFDrift.h">
      <Filter>Header Files</Filter>
    </ClInclude>
    <ClInclude Include="FNFSupercars.h">
      <Filter>Header Files</Filter>
    </ClInclude>
    <ClInclude Include="CrusnBlast.h">
      <Filter>Header Files</Filter>
    </ClInclude>
    <ClInclude Include="HummerExtreme.h">
      <Filter>Header Files</Filter>
    </ClInclude>
    <ClInclude Include="InitialDTheArcadev231.h">
      <Filter>Header Files</Filter>
    </ClInclude>
    <ClInclude Include="WastelandRacers2071.h">
      <Filter>Header Files</Filter>
    </ClInclude>
  </ItemGroup>
  <ItemGroup>
    <EmbeddedResource Include="Form1.resx">
      <Filter>Resource Files</Filter>
    </EmbeddedResource>
    <EmbeddedResource Include="FFBTest.resx">
      <Filter>Resource Files</Filter>
    </EmbeddedResource>
    <EmbeddedResource Include="DemulSelect.resx">
      <Filter>Header Files</Filter>
    </EmbeddedResource>
    <EmbeddedResource Include="DemulInputSelect.resx">
      <Filter>Header Files</Filter>
    </EmbeddedResource>
    <EmbeddedResource Include="FlycastEmulatorSelect.resx">
      <Filter>Header Files</Filter>
    </EmbeddedResource>
  </ItemGroup>
  <ItemGroup>
    <ResourceCompile Include="FFBPluginGUI.rc">
      <Filter>Resource Files</Filter>
    </ResourceCompile>
  </ItemGroup>
  <ItemGroup>
    <None Include="packages.config" />
  </ItemGroup>
</Project>