<?xml version="1.0" encoding="utf-8"?>
<Project ToolsVersion="4.0" xmlns="http://schemas.microsoft.com/developer/msbuild/2003">
  <ItemGroup>
    <Filter Include="Source Files">
      <UniqueIdentifier>{4FC737F1-C7A5-4376-A066-2A32D752A2FF}</UniqueIdentifier>
      <Extensions>cpp;c;cc;cxx;def;odl;idl;hpj;bat;asm;asmx</Extensions>
    </Filter>
    <Filter Include="Header Files">
      <UniqueIdentifier>{93995380-89BD-4b04-88EB-625FBE52EBFB}</UniqueIdentifier>
      <Extensions>h;hh;hpp;hxx;hm;inl;inc;ipp;xsd</Extensions>
    </Filter>
    <Filter Include="Resource Files">
      <UniqueIdentifier>{67DA6AB6-F800-4c08-8B7A-83BB121AAD01}</UniqueIdentifier>
      <Extensions>rc;ico;cur;bmp;dlg;rc2;rct;bin;rgs;gif;jpg;jpeg;jpe;resx;tiff;tif;png;wav;mfcribbon-ms</Extensions>
    </Filter>
  </ItemGroup>
  <ItemGroup>
    <ClCompile Include="Form1.cpp">
      <Filter>Source Files</Filter>
    </ClCompile>
    <ClCompile Include="AfterburnerClimax.cpp">
      <Filter>Source Files</Filter>
    </ClCompile>
    <ClCompile Include="BG4.cpp">
      <Filter>Source Files</Filter>
    </ClCompile>
    <ClCompile Include="ButtonRumble.cpp">
      <Filter>Source Files</Filter>
    </ClCompile>
    <ClCompile Include="ChaseHQ2.cpp">
      <Filter>Source Files</Filter>
    </ClCompile>
    <ClCompile Include="DaytonaChampionshipUSA.cpp">
      <Filter>Source Files</Filter>
    </ClCompile>
    <ClCompile Include="FordRacing.cpp">
      <Filter>Source Files</Filter>
    </ClCompile>
    <ClCompile Include="GTIClub.cpp">
      <Filter>Source Files</Filter>
    </ClCompile>
    <ClCompile Include="InitialD4.cpp">
      <Filter>Source Files</Filter>
    </ClCompile>
    <ClCompile Include="InitialD4Japan.cpp">
      <Filter>Source Files</Filter>
    </ClCompile>
    <ClCompile Include="InitialD5.cpp">
      <Filter>Source Files</Filter>
    </ClCompile>
    <ClCompile Include="InitialD6.cpp">
      <Filter>Source Files</Filter>
    </ClCompile>
    <ClCompile Include="InitialD7.cpp">
      <Filter>Source Files</Filter>
    </ClCompile>
    <ClCompile Include="InitialD8.cpp">
      <Filter>Source Files</Filter>
    </ClCompile>
    <ClCompile Include="LGI.cpp">
      <Filter>Source Files</Filter>
    </ClCompile>
    <ClCompile Include="LGI3D.cpp">
      <Filter>Source Files</Filter>
    </ClCompile>
    <ClCompile Include="M2Emulator.cpp">
      <Filter>Source Files</Filter>
    </ClCompile>
    <ClCompile Include="Machstorm.cpp">
      <Filter>Source Files</Filter>
    </ClCompile>
    <ClCompile Include="Mame0199.cpp">
      <Filter>Source Files</Filter>
    </ClCompile>
    <ClCompile Include="Mame0206.cpp">
      <Filter>Source Files</Filter>
    </ClCompile>
    <ClCompile Include="MKGP100.cpp">
      <Filter>Source Files</Filter>
    </ClCompile>
    <ClCompile Include="MKGP110.cpp">
      <Filter>Source Files</Filter>
    </ClCompile>
    <ClCompile Include="NascarRacing.cpp">
      <Filter>Source Files</Filter>
    </ClCompile>
    <ClCompile Include="Outrun2.cpp">
      <Filter>Source Files</Filter>
    </ClCompile>
    <ClCompile Include="PokkenTournament.cpp">
      <Filter>Source Files</Filter>
    </ClCompile>
    <ClCompile Include="RoadFighters3D.cpp">
      <Filter>Source Files</Filter>
    </ClCompile>
    <ClCompile Include="SegaRacingClassic.cpp">
      <Filter>Source Files</Filter>
    </ClCompile>
    <ClCompile Include="SegaRally3.cpp">
      <Filter>Source Files</Filter>
    </ClCompile>
    <ClCompile Include="SonicAllStars.cpp">
      <Filter>Source Files</Filter>
    </ClCompile>
    <ClCompile Include="WackyRaces.cpp">
      <Filter>Source Files</Filter>
    </ClCompile>
    <ClCompile Include="WMMT5.cpp">
      <Filter>Source Files</Filter>
    </ClCompile>
    <ClCompile Include="M2EmulatorInput.cpp">
      <Filter>Source Files</Filter>
    </ClCompile>
    <ClCompile Include="ButtonRumbleInput.cpp">
      <Filter>Source Files</Filter>
    </ClCompile>
    <ClCompile Include="DaytonaChampionshipUSAInput.cpp">
      <Filter>Source Files</Filter>
    </ClCompile>
    <ClCompile Include="RoadFighters3DInput.cpp">
      <Filter>Source Files</Filter>
    </ClCompile>
    <ClCompile Include="Outrun2Input.cpp">
      <Filter>Source Files</Filter>
    </ClCompile>
    <ClCompile Include="FFBTest.cpp">
      <Filter>Source Files</Filter>
    </ClCompile>
    <ClCompile Include="KODrive.cpp">
      <Filter>Source Files</Filter>
    </ClCompile>
    <ClCompile Include="Helper.cpp">
      <Filter>Source Files</Filter>
    </ClCompile>
    <ClCompile Include="WMMT5Input.cpp">
      <Filter>Source Files</Filter>
    </ClCompile>
    <ClCompile Include="HOTD4.cpp">
      <Filter>Source Files</Filter>
    </ClCompile>
    <ClCompile Include="GRID.cpp">
      <Filter>Source Files</Filter>
    </ClCompile>
  </ItemGroup>
  <ItemGroup>
    <ClInclude Include="Form1.h">
      <Filter>Header Files</Filter>
    </ClInclude>
    <ClInclude Include="AfterburnerClimax.h">
      <Filter>Header Files</Filter>
    </ClInclude>
    <ClInclude Include="BG4.h">
      <Filter>Header Files</Filter>
    </ClInclude>
    <ClInclude Include="ButtonRumble.h">
      <Filter>Header Files</Filter>
    </ClInclude>
    <ClInclude Include="ChaseHQ2.h">
      <Filter>Header Files</Filter>
    </ClInclude>
    <ClInclude Include="DaytonaChampionshipUSA.h">
      <Filter>Header Files</Filter>
    </ClInclude>
    <ClInclude Include="FordRacing.h">
      <Filter>Header Files</Filter>
    </ClInclude>
    <ClInclude Include="GTIClub.h">
      <Filter>Header Files</Filter>
    </ClInclude>
    <ClInclude Include="InitialD4.h">
      <Filter>Header Files</Filter>
    </ClInclude>
    <ClInclude Include="InitialD4Japan.h">
      <Filter>Header Files</Filter>
    </ClInclude>
    <ClInclude Include="InitialD5.h">
      <Filter>Header Files</Filter>
    </ClInclude>
    <ClInclude Include="InitialD6.h">
      <Filter>Header Files</Filter>
    </ClInclude>
    <ClInclude Include="InitialD7.h">
      <Filter>Header Files</Filter>
    </ClInclude>
    <ClInclude Include="InitialD8.h">
      <Filter>Header Files</Filter>
    </ClInclude>
    <ClInclude Include="LGI.h">
      <Filter>Header Files</Filter>
    </ClInclude>
    <ClInclude Include="LGI3D.h">
      <Filter>Header Files</Filter>
    </ClInclude>
    <ClInclude Include="M2Emulator.h">
      <Filter>Header Files</Filter>
    </ClInclude>
    <ClInclude Include="Machstorm.h">
      <Filter>Header Files</Filter>
    </ClInclude>
    <ClInclude Include="Mame0199.h">
      <Filter>Header Files</Filter>
    </ClInclude>
    <ClInclude Include="Mame0206.h">
      <Filter>Header Files</Filter>
    </ClInclude>
    <ClInclude Include="MKGP100.h">
      <Filter>Header Files</Filter>
    </ClInclude>
    <ClInclude Include="MKGP110.h">
      <Filter>Header Files</Filter>
    </ClInclude>
    <ClInclude Include="NascarRacing.h">
      <Filter>Header Files</Filter>
    </ClInclude>
    <ClInclude Include="Outrun2.h">
      <Filter>Header Files</Filter>
    </ClInclude>
    <ClInclude Include="PokkenTournament.h">
      <Filter>Header Files</Filter>
    </ClInclude>
    <ClInclude Include="RoadFighters3D.h">
      <Filter>Header Files</Filter>
    </ClInclude>
    <ClInclude Include="SegaRacingClassic.h">
      <Filter>Header Files</Filter>
    </ClInclude>
    <ClInclude Include="SegaRally3.h">
      <Filter>Header Files</Filter>
    </ClInclude>
    <ClInclude Include="SonicAllStars.h">
      <Filter>Header Files</Filter>
    </ClInclude>
    <ClInclude Include="WackyRaces.h">
      <Filter>Header Files</Filter>
    </ClInclude>
    <ClInclude Include="WMMT5.h">
      <Filter>Header Files</Filter>
    </ClInclude>
    <ClInclude Include="M2EmulatorInput.h">
      <Filter>Header Files</Filter>
    </ClInclude>
    <ClInclude Include="ButtonRumbleInput.h">
      <Filter>Header Files</Filter>
    </ClInclude>
    <ClInclude Include="DaytonaChampionshipUSAInput.h">
      <Filter>Header Files</Filter>
    </ClInclude>
    <ClInclude Include="RoadFighters3DInput.h">
      <Filter>Header Files</Filter>
    </ClInclude>
    <ClInclude Include="Outrun2Input.h">
      <Filter>Header Files</Filter>
    </ClInclude>
    <ClInclude Include="FFBTest.h">
      <Filter>Header Files</Filter>
    </ClInclude>
    <ClInclude Include="KODrive.h">
      <Filter>Header Files</Filter>
    </ClInclude>
    <ClInclude Include="Helper.h">
      <Filter>Header Files</Filter>
    </ClInclude>
    <ClInclude Include="WMMT5Input.h">
      <Filter>Header Files</Filter>
    </ClInclude>
    <ClInclude Include="HOTD4.h">
      <Filter>Header Files</Filter>
    </ClInclude>
    <ClInclude Include="GRID.h">
      <Filter>Header Files</Filter>
    </ClInclude>
  </ItemGroup>
  <ItemGroup>
    <EmbeddedResource Include="Form1.resx">
      <Filter>Resource Files</Filter>
    </EmbeddedResource>
    <EmbeddedResource Include="FFBTest.resx">
      <Filter>Resource Files</Filter>
    </EmbeddedResource>
  </ItemGroup>
  <ItemGroup>
    <None Include="packages.config" />
  </ItemGroup>
</Project>